{
  "projects": [
    {
      "projectId": "caTPwKxj5ZrD9LQ7DMdK4Z",
      "version": "3.14.0",
      "dependencies": {},
      "lang": "ts",
      "fileLocks": [
        {
          "assetId": "caTPwKxj5ZrD9LQ7DMdK4Z",
          "type": "projectCss",
          "checksum": "5ec17907b444e5bfe21e4e6d853dfb8b"
        }
      ],
      "codegenVersion": "0.0.1"
    },
    {
      "projectId": "28Ba3BDvRe7EiWdfFNnLB6",
      "version": "2.16.0",
      "dependencies": {},
      "lang": "ts",
      "fileLocks": [
        {
          "assetId": "28Ba3BDvRe7EiWdfFNnLB6",
          "type": "projectCss",
          "checksum": "a1f5ba12fa0c91cb7921873e485c08d2"
        }
      ],
      "codegenVersion": "0.0.1"
    },
    {
      "projectId": "kZAYo6xui7uqrb6Zr3Avgj",
      "version": "latest",
      "dependencies": {
        "28Ba3BDvRe7EiWdfFNnLB6": "2.16.0",
        "caTPwKxj5ZrD9LQ7DMdK4Z": "3.14.0"
      },
      "lang": "ts",
      "fileLocks": [
        {
          "type": "globalVariant",
          "assetId": "d4ffAXYjg9Yia",
          "checksum": "8260989197dddabd2e0dfa4ba85693b3"
        },
        {
          "type": "renderModule",
          "assetId": "BJHQZwpHe9cj",
          "checksum": "25c34c0d8697fe46a71d40a7618b44f2"
        },
        {
          "type": "cssRules",
          "assetId": "BJHQZwpHe9cj",
          "checksum": "25c34c0d8697fe46a71d40a7618b44f2"
        },
        {
          "type": "renderModule",
          "assetId": "4rxYr7o-Bl5",
          "checksum": "5426612aeec342e084918f9a0ced4d80"
        },
        {
          "type": "cssRules",
          "assetId": "4rxYr7o-Bl5",
          "checksum": "5426612aeec342e084918f9a0ced4d80"
        },
        {
          "type": "renderModule",
          "assetId": "TCYoctH-c-D",
          "checksum": "758785b0070a116f353ac44897c723f0"
        },
        {
          "type": "cssRules",
          "assetId": "TCYoctH-c-D",
          "checksum": "758785b0070a116f353ac44897c723f0"
        },
        {
          "type": "renderModule",
          "assetId": "PxYBOha2xuq",
          "checksum": "24ff6cd26922bdfc0b9d6d086b07a74c"
        },
        {
          "type": "cssRules",
          "assetId": "PxYBOha2xuq",
          "checksum": "24ff6cd26922bdfc0b9d6d086b07a74c"
        },
        {
          "type": "icon",
          "assetId": "GwLCXROKJ2",
          "checksum": "dfe2abaf269359b845e30b363c1a8367"
        },
        {
          "type": "icon",
          "assetId": "u0BP-OzAn7",
          "checksum": "e66dff4e9be782021a12970dc6e11334"
        },
        {
          "type": "icon",
          "assetId": "f5-uvsIf5ae",
          "checksum": "04b89047347930870d138291909c3d92"
        },
        {
          "type": "icon",
          "assetId": "98W_InFwsx_",
          "checksum": "087425aed39118b0d7c28b27509f725f"
        },
        {
          "type": "icon",
          "assetId": "tHtUiMSJM2b",
          "checksum": "8fff1c7ada9da9f24af0364127eeac0a"
        },
        {
          "type": "icon",
          "assetId": "aswxehgVtcT",
          "checksum": "7e3ae26609313fd06684ce5fcadebb64"
        },
        {
          "type": "icon",
          "assetId": "wx5Bu1FedZC",
          "checksum": "2e0c6ae7d79ffbf9d35c106cc0af25a8"
        },
        {
          "type": "icon",
          "assetId": "osz1Q5Gd_LZ",
          "checksum": "f546cbdda96a32baae46739faa05d08a"
        },
        {
          "type": "icon",
          "assetId": "X1_IvAFCjFI",
          "checksum": "92771125559b1761187c1fe1d667d688"
        },
        {
          "type": "icon",
          "assetId": "-o4t_dlVKWl",
          "checksum": "b11ea13d7f9d44d66dfeb19d5be34d7a"
        },
        {
          "type": "image",
          "assetId": "B5_KUbmJG",
          "checksum": "3c453daa106aab2cce8443f3c546308e"
        },
        {
          "type": "image",
          "assetId": "aKTS-pq4wt",
          "checksum": "ecba1b55606edb5bf81a14f0b14be0bd"
        },
        {
          "type": "image",
          "assetId": "KAXqWYJT00U",
          "checksum": "ad72282add5160ecddca71c060c0388b"
        },
        {
          "type": "image",
          "assetId": "H7JBPb5Kw",
          "checksum": "cefea5cdd76e25370ad9ed85c577bd67"
        },
        {
          "type": "image",
          "assetId": "9QOiZjIAG",
          "checksum": "f5218fce09f266c62ded6993876dd53b"
        },
        {
          "type": "image",
          "assetId": "qrG2TnwjR",
          "checksum": "ecbfc0f0439c5bad58cc6ba9be309f52"
        },
        {
          "type": "image",
          "assetId": "uHKnPK_aq",
          "checksum": "2b8d20c11bcbe78afaadb291ad5d4762"
        },
        {
          "type": "image",
          "assetId": "NZbR0ayP6",
          "checksum": "a009c0b4825f3e8b5498641bc07631a8"
        },
        {
          "type": "image",
          "assetId": "fzTiYqpCe",
          "checksum": "2a153162200d1b10386276775bb327ef"
        },
        {
          "type": "image",
          "assetId": "NFkuQz1L_",
          "checksum": "ccfaecae3853fefc0b7e3eee51d48008"
        },
        {
          "type": "image",
          "assetId": "DSGOYH13c",
          "checksum": "9cc7b73e5341eb0dba05597caab7a58a"
        },
        {
          "type": "image",
          "assetId": "_nZjnWg2y",
          "checksum": "2d8d93383f366bf28fa0d7079c107f68"
        },
        {
          "type": "image",
          "assetId": "2kGT_fBNR",
          "checksum": "7769b00cac5322af6a0d7d58154bd620"
        },
        {
          "type": "image",
          "assetId": "uppt_fDn2",
          "checksum": "e5d50fe962939b15a15ec3007f4ba03f"
        },
        {
          "type": "image",
          "assetId": "gqIBVEM1P",
          "checksum": "14e3b4ab91c3d5cb7880d542c52ee994"
        },
        {
          "type": "image",
          "assetId": "5svpnwech",
          "checksum": "bb7fc3abda131b5481413c9c2d318917"
        },
        {
          "type": "image",
          "assetId": "60Jyd_FmD",
          "checksum": "260d44e9a529901dbfb8f5f416e2b9df"
        },
        {
          "type": "image",
          "assetId": "vw664L6HQ",
          "checksum": "43b9d39c613c64db97b438b12670c98c"
        },
        {
          "assetId": "kZAYo6xui7uqrb6Zr3Avgj",
          "type": "projectCss",
          "checksum": "712089ca5ddc11d6b740aba00211d2a5"
        }
      ],
      "codegenVersion": "0.0.1"
    }
  ],
  "cliVersion": "0.1.249"
}
